
Microsoft Visual Studio Solution File, Format Version 12.00
# Visual Studio Version 17
VisualStudioVersion = 17.4.33205.214
MinimumVisualStudioVersion = 10.0.40219.1
Project("{FAE04EC0-301F-11D3-BF4B-00C04F79EFBC}") = "Temporal_Spatial_Analysis_HW", "Temporal_Spatial_Analysis_HW\Temporal_Spatial_Analysis_HW.csproj", "{08A83327-1BFA-40DE-9B85-18B048802DA0}"
EndProject
Global
	GlobalSection(SolutionConfigurationPlatforms) = preSolution
		Debug|Any CPU = Debug|Any CPU
		Release|Any CPU = Release|Any CPU
	EndGlobalSection
	GlobalSection(ProjectConfigurationPlatforms) = postSolution
		{08A83327-1BFA-40DE-9B85-18B048802DA0}.Debug|Any CPU.ActiveCfg = Debug|Any CPU
		{08A83327-1BFA-40DE-9B85-18B048802DA0}.Debug|Any CPU.Build.0 = Debug|Any CPU
		{08A83327-1BFA-40DE-9B85-18B048802DA0}.Release|Any CPU.ActiveCfg = Release|Any CPU
		{08A83327-1BFA-40DE-9B85-18B048802DA0}.Release|Any CPU.Build.0 = Release|Any CPU
	EndGlobalSection
	GlobalSection(SolutionProperties) = preSolution
		HideSolutionNode = FALSE
	EndGlobalSection
	GlobalSection(ExtensibilityGlobals) = postSolution
		SolutionGuid = {153ABBAD-A671-4317-8A21-61C6774F8892}
	EndGlobalSection
EndGlobal
